
Microsoft Visual Studio Solution File, Format Version 12.00
# Visual Studio Version 17
VisualStudioVersion = 17.6.33829.357
MinimumVisualStudioVersion = 10.0.40219.1
Project("{9A19103F-16F7-4668-BE54-9A1E7A4F7556}") = "ADV02", "ADV02\ADV02.csproj", "{F9F994CE-4506-4B4E-AB4E-456ED28750A7}"
EndProject
Project("{FAE04EC0-301F-11D3-BF4B-00C04F79EFBC}") = "Assignment", "Assignment\Assignment.csproj", "{EF3C0C0A-6546-458A-B220-25FFB2E87D08}"
EndProject
Global
	GlobalSection(SolutionConfigurationPlatforms) = preSolution
		Debug|Any CPU = Debug|Any CPU
		Release|Any CPU = Release|Any CPU
	EndGlobalSection
	GlobalSection(ProjectConfigurationPlatforms) = postSolution
		{F9F994CE-4506-4B4E-AB4E-456ED28750A7}.Debug|Any CPU.ActiveCfg = Debug|Any CPU
		{F9F994CE-4506-4B4E-AB4E-456ED28750A7}.Debug|Any CPU.Build.0 = Debug|Any CPU
		{F9F994CE-4506-4B4E-AB4E-456ED28750A7}.Release|Any CPU.ActiveCfg = Release|Any CPU
		{F9F994CE-4506-4B4E-AB4E-456ED28750A7}.Release|Any CPU.Build.0 = Release|Any CPU
		{EF3C0C0A-6546-458A-B220-25FFB2E87D08}.Debug|Any CPU.ActiveCfg = Debug|Any CPU
		{EF3C0C0A-6546-458A-B220-25FFB2E87D08}.Debug|Any CPU.Build.0 = Debug|Any CPU
		{EF3C0C0A-6546-458A-B220-25FFB2E87D08}.Release|Any CPU.ActiveCfg = Release|Any CPU
		{EF3C0C0A-6546-458A-B220-25FFB2E87D08}.Release|Any CPU.Build.0 = Release|Any CPU
	EndGlobalSection
	GlobalSection(SolutionProperties) = preSolution
		HideSolutionNode = FALSE
	EndGlobalSection
	GlobalSection(ExtensibilityGlobals) = postSolution
		SolutionGuid = {4AEEFED6-5F3B-4C8F-B905-5F4AB95E73AC}
	EndGlobalSection
EndGlobal
